
Microsoft Visual Studio Solution File, Format Version 12.00
# Visual Studio Version 17
VisualStudioVersion = 17.3.32929.385
MinimumVisualStudioVersion = 10.0.40219.1
Project("{9A19103F-16F7-4668-BE54-9A1E7A4F7556}") = "BlazorServerCascadingParameterExperiments", "BlazorServerCascadingParameterExperiments.csproj", "{98DD2A50-1AC3-40C0-999C-42560012F0DE}"
EndProject
Global
	GlobalSection(SolutionConfigurationPlatforms) = preSolution
		Debug|Any CPU = Debug|Any CPU
		Release|Any CPU = Release|Any CPU
	EndGlobalSection
	GlobalSection(ProjectConfigurationPlatforms) = postSolution
		{98DD2A50-1AC3-40C0-999C-42560012F0DE}.Debug|Any CPU.ActiveCfg = Debug|Any CPU
		{98DD2A50-1AC3-40C0-999C-42560012F0DE}.Debug|Any CPU.Build.0 = Debug|Any CPU
		{98DD2A50-1AC3-40C0-999C-42560012F0DE}.Release|Any CPU.ActiveCfg = Release|Any CPU
		{98DD2A50-1AC3-40C0-999C-42560012F0DE}.Release|Any CPU.Build.0 = Release|Any CPU
	EndGlobalSection
	GlobalSection(SolutionProperties) = preSolution
		HideSolutionNode = FALSE
	EndGlobalSection
	GlobalSection(ExtensibilityGlobals) = postSolution
		SolutionGuid = {DE1AC7E1-672A-492F-BD3D-493B0F4DE5B7}
	EndGlobalSection
EndGlobal
